
Microsoft Visual Studio Solution File, Format Version 12.00
# Visual Studio Version 17
VisualStudioVersion = 17.14.36401.2 d17.14
MinimumVisualStudioVersion = 10.0.40219.1
Project("{FAE04EC0-301F-11D3-BF4B-00C04F79EFBC}") = "NotesApp.Api", "NotesApp.Api\NotesApp.Api.csproj", "{3295256B-6DD1-479C-9C0F-44E9C9AD5FC0}"
EndProject
Project("{FAE04EC0-301F-11D3-BF4B-00C04F79EFBC}") = "NotesApp.Domain", "NotesApp.Domain\NotesApp.Domain.csproj", "{75715AAA-8852-4478-8CCE-0512D03BCC18}"
EndProject
Project("{FAE04EC0-301F-11D3-BF4B-00C04F79EFBC}") = "NotesApp.Application", "NotesApp.Application\NotesApp.Application.csproj", "{396311A4-8238-41B7-8B5E-0ACF126BC6D5}"
EndProject
Project("{FAE04EC0-301F-11D3-BF4B-00C04F79EFBC}") = "NotesApp.Infrastructure", "NotesApp.Infrastructure\NotesApp.Infrastructure.csproj", "{F5943917-FCA6-4048-A3DA-A65B2CEB493C}"
EndProject
Project("{FAE04EC0-301F-11D3-BF4B-00C04F79EFBC}") = "NotesApp.UnitTests", "NotesApp.UnitTests\NotesApp.UnitTests.csproj", "{26968ED5-3A2A-424D-ADF1-E3DDA2E97873}"
EndProject
Global
	GlobalSection(SolutionConfigurationPlatforms) = preSolution
		Debug|Any CPU = Debug|Any CPU
		Release|Any CPU = Release|Any CPU
	EndGlobalSection
	GlobalSection(ProjectConfigurationPlatforms) = postSolution
		{3295256B-6DD1-479C-9C0F-44E9C9AD5FC0}.Debug|Any CPU.ActiveCfg = Debug|Any CPU
		{3295256B-6DD1-479C-9C0F-44E9C9AD5FC0}.Debug|Any CPU.Build.0 = Debug|Any CPU
		{3295256B-6DD1-479C-9C0F-44E9C9AD5FC0}.Release|Any CPU.ActiveCfg = Release|Any CPU
		{3295256B-6DD1-479C-9C0F-44E9C9AD5FC0}.Release|Any CPU.Build.0 = Release|Any CPU
		{75715AAA-8852-4478-8CCE-0512D03BCC18}.Debug|Any CPU.ActiveCfg = Debug|Any CPU
		{75715AAA-8852-4478-8CCE-0512D03BCC18}.Debug|Any CPU.Build.0 = Debug|Any CPU
		{75715AAA-8852-4478-8CCE-0512D03BCC18}.Release|Any CPU.ActiveCfg = Release|Any CPU
		{75715AAA-8852-4478-8CCE-0512D03BCC18}.Release|Any CPU.Build.0 = Release|Any CPU
		{396311A4-8238-41B7-8B5E-0ACF126BC6D5}.Debug|Any CPU.ActiveCfg = Debug|Any CPU
		{396311A4-8238-41B7-8B5E-0ACF126BC6D5}.Debug|Any CPU.Build.0 = Debug|Any CPU
		{396311A4-8238-41B7-8B5E-0ACF126BC6D5}.Release|Any CPU.ActiveCfg = Release|Any CPU
		{396311A4-8238-41B7-8B5E-0ACF126BC6D5}.Release|Any CPU.Build.0 = Release|Any CPU
		{F5943917-FCA6-4048-A3DA-A65B2CEB493C}.Debug|Any CPU.ActiveCfg = Debug|Any CPU
		{F5943917-FCA6-4048-A3DA-A65B2CEB493C}.Debug|Any CPU.Build.0 = Debug|Any CPU
		{F5943917-FCA6-4048-A3DA-A65B2CEB493C}.Release|Any CPU.ActiveCfg = Release|Any CPU
		{F5943917-FCA6-4048-A3DA-A65B2CEB493C}.Release|Any CPU.Build.0 = Release|Any CPU
		{26968ED5-3A2A-424D-ADF1-E3DDA2E97873}.Debug|Any CPU.ActiveCfg = Debug|Any CPU
		{26968ED5-3A2A-424D-ADF1-E3DDA2E97873}.Debug|Any CPU.Build.0 = Debug|Any CPU
		{26968ED5-3A2A-424D-ADF1-E3DDA2E97873}.Release|Any CPU.ActiveCfg = Release|Any CPU
		{26968ED5-3A2A-424D-ADF1-E3DDA2E97873}.Release|Any CPU.Build.0 = Release|Any CPU
	EndGlobalSection
	GlobalSection(SolutionProperties) = preSolution
		HideSolutionNode = FALSE
	EndGlobalSection
	GlobalSection(ExtensibilityGlobals) = postSolution
		SolutionGuid = {745F0ABD-D228-43B3-95C4-CCCB7D5E0C07}
	EndGlobalSection
EndGlobal
